// !$*UTF8*$!
{
	archiveVersion = 1;
	classes = {
	};
	objectVersion = 46;
	objects = {

/* Begin PBXBuildFile section */
		0D0D61E82016DE8100E26765 /* map.c in Sources */ = {isa = PBXBuildFile; fileRef = 0D0D61E72016DE8100E26765 /* map.c */; };
		0D1AA74E201828A80032895F /* textureManager.c in Sources */ = {isa = PBXBuildFile; fileRef = 0D1AA74D201828A80032895F /* textureManager.c */; };
		0D1AA752201838CB0032895F /* SDL2.framework in Frameworks */ = {isa = PBXBuildFile; fileRef = 0D562D582009465D0009DD4D /* SDL2.framework */; };
		0D1AA753201838F50032895F /* SDL2_image.framework in Frameworks */ = {isa = PBXBuildFile; fileRef = 0D0D61EA2016E17F00E26765 /* SDL2_image.framework */; };
		0D1AA756201A4D020032895F /* SDL2_ttf.framework in Frameworks */ = {isa = PBXBuildFile; fileRef = 0D1AA755201A4D020032895F /* SDL2_ttf.framework */; };
		0D562D51200945BD0009DD4D /* main.c in Sources */ = {isa = PBXBuildFile; fileRef = 0D562D50200945BD0009DD4D /* main.c */; };
/* End PBXBuildFile section */

/* Begin PBXCopyFilesBuildPhase section */
		0D562D4B200945BD0009DD4D /* CopyFiles */ = {
			isa = PBXCopyFilesBuildPhase;
			buildActionMask = 2147483647;
			dstPath = /usr/share/man/man1/;
			dstSubfolderSpec = 0;
			files = (
			);
			runOnlyForDeploymentPostprocessing = 1;
		};
/* End PBXCopyFilesBuildPhase section */

/* Begin PBXFileReference section */
		0D0D61E62016DE0700E26765 /* map.h */ = {isa = PBXFileReference; lastKnownFileType = sourcecode.c.h; path = map.h; sourceTree = "<group>"; };
		0D0D61E72016DE8100E26765 /* map.c */ = {isa = PBXFileReference; fileEncoding = 4; lastKnownFileType = sourcecode.c.c; path = map.c; sourceTree = "<group>"; };
		0D0D61EA2016E17F00E26765 /* SDL2_image.framework */ = {isa = PBXFileReference; lastKnownFileType = wrapper.framework; name = SDL2_image.framework; path = ../../../../../../../../../Library/Frameworks/SDL2_image.framework; sourceTree = "<group>"; };
		0D1AA74C201828A80032895F /* textureManager.h */ = {isa = PBXFileReference; fileEncoding = 4; lastKnownFileType = sourcecode.c.h; path = textureManager.h; sourceTree = "<group>"; };
		0D1AA74D201828A80032895F /* textureManager.c */ = {isa = PBXFileReference; fileEncoding = 4; lastKnownFileType = sourcecode.c.c; path = textureManager.c; sourceTree = "<group>"; };
		0D1AA754201848240032895F /* map01.dat */ = {isa = PBXFileReference; fileEncoding = 4; lastKnownFileType = text; name = map01.dat; path = sprites/map01.dat; sourceTree = "<group>"; };
		0D1AA755201A4D020032895F /* SDL2_ttf.framework */ = {isa = PBXFileReference; lastKnownFileType = wrapper.framework; name = SDL2_ttf.framework; path = ../../../../../../../../../Library/Frameworks/SDL2_ttf.framework; sourceTree = "<group>"; };
		0D1AA75C201A5DEB0032895F /* arial.ttf */ = {isa = PBXFileReference; lastKnownFileType = file; name = arial.ttf; path = fonts/arial.ttf; sourceTree = "<group>"; };
		0D1AA75E201A78AD0032895F /* tetrisBlock.png */ = {isa = PBXFileReference; lastKnownFileType = image.png; name = tetrisBlock.png; path = sprites/tetrisBlock.png; sourceTree = "<group>"; };
		0D1AA760201A7A8B0032895F /* unfilledBlock.png */ = {isa = PBXFileReference; lastKnownFileType = image.png; name = unfilledBlock.png; path = sprites/unfilledBlock.png; sourceTree = "<group>"; };
		0D562D4D200945BD0009DD4D /* SDL_TEST */ = {isa = PBXFileReference; explicitFileType = "compiled.mach-o.executable"; includeInIndex = 0; path = SDL_TEST; sourceTree = BUILT_PRODUCTS_DIR; };
		0D562D50200945BD0009DD4D /* main.c */ = {isa = PBXFileReference; lastKnownFileType = sourcecode.c.c; path = main.c; sourceTree = "<group>"; };
		0D562D582009465D0009DD4D /* SDL2.framework */ = {isa = PBXFileReference; lastKnownFileType = wrapper.framework; name = SDL2.framework; path = ../../../../../../../../../Library/Frameworks/SDL2.framework; sourceTree = "<group>"; };
/* End PBXFileReference section */

/* Begin PBXFrameworksBuildPhase section */
		0D562D4A200945BD0009DD4D /* Frameworks */ = {
			isa = PBXFrameworksBuildPhase;
			buildActionMask = 2147483647;
			files = (
				0D1AA756201A4D020032895F /* SDL2_ttf.framework in Frameworks */,
				0D1AA753201838F50032895F /* SDL2_image.framework in Frameworks */,
				0D1AA752201838CB0032895F /* SDL2.framework in Frameworks */,
			);
			runOnlyForDeploymentPostprocessing = 0;
		};
/* End PBXFrameworksBuildPhase section */

/* Begin PBXGroup section */
		0D0D61EC2016E9EA00E26765 /* sprites */ = {
			isa = PBXGroup;
			children = (
				0D1AA760201A7A8B0032895F /* unfilledBlock.png */,
				0D1AA75E201A78AD0032895F /* tetrisBlock.png */,
				0D1AA754201848240032895F /* map01.dat */,
			);
			name = sprites;
			sourceTree = "<group>";
		};
		0D1AA75B201A5DB90032895F /* fonts */ = {
			isa = PBXGroup;
			children = (
				0D1AA75C201A5DEB0032895F /* arial.ttf */,
			);
			name = fonts;
			sourceTree = "<group>";
		};
		0D562D44200945BD0009DD4D = {
			isa = PBXGroup;
			children = (
				0D562D4F200945BD0009DD4D /* SDL_TEST */,
				0D562D4E200945BD0009DD4D /* Products */,
				0D562D572009465D0009DD4D /* Frameworks */,
			);
			sourceTree = "<group>";
		};
		0D562D4E200945BD0009DD4D /* Products */ = {
			isa = PBXGroup;
			children = (
				0D562D4D200945BD0009DD4D /* SDL_TEST */,
			);
			name = Products;
			sourceTree = "<group>";
		};
		0D562D4F200945BD0009DD4D /* SDL_TEST */ = {
			isa = PBXGroup;
			children = (
				0D1AA75B201A5DB90032895F /* fonts */,
				0D0D61EC2016E9EA00E26765 /* sprites */,
				0D562D50200945BD0009DD4D /* main.c */,
				0D0D61E62016DE0700E26765 /* map.h */,
				0D0D61E72016DE8100E26765 /* map.c */,
				0D1AA74C201828A80032895F /* textureManager.h */,
				0D1AA74D201828A80032895F /* textureManager.c */,
			);
			path = SDL_TEST;
			sourceTree = "<group>";
		};
		0D562D572009465D0009DD4D /* Frameworks */ = {
			isa = PBXGroup;
			children = (
				0D1AA755201A4D020032895F /* SDL2_ttf.framework */,
				0D0D61EA2016E17F00E26765 /* SDL2_image.framework */,
				0D562D582009465D0009DD4D /* SDL2.framework */,
			);
			name = Frameworks;
			sourceTree = "<group>";
		};
/* End PBXGroup section */

/* Begin PBXNativeTarget section */
		0D562D4C200945BD0009DD4D /* SDL_TEST */ = {
			isa = PBXNativeTarget;
			buildConfigurationList = 0D562D54200945BD0009DD4D /* Build configuration list for PBXNativeTarget "SDL_TEST" */;
			buildPhases = (
				0D562D49200945BD0009DD4D /* Sources */,
				0D562D4A200945BD0009DD4D /* Frameworks */,
				0D562D4B200945BD0009DD4D /* CopyFiles */,
			);
			buildRules = (
			);
			dependencies = (
			);
			name = SDL_TEST;
			productName = SDL_TEST;
			productReference = 0D562D4D200945BD0009DD4D /* SDL_TEST */;
			productType = "com.apple.product-type.tool";
		};
/* End PBXNativeTarget section */

/* Begin PBXProject section */
		0D562D45200945BD0009DD4D /* Project object */ = {
			isa = PBXProject;
			attributes = {
				LastUpgradeCheck = 0830;
				ORGANIZATIONNAME = "Jeffrey Weng";
				TargetAttributes = {
					0D562D4C200945BD0009DD4D = {
						CreatedOnToolsVersion = 8.3.3;
						ProvisioningStyle = Automatic;
					};
				};
			};
			buildConfigurationList = 0D562D48200945BD0009DD4D /* Build configuration list for PBXProject "SDL_TEST" */;
			compatibilityVersion = "Xcode 3.2";
			developmentRegion = English;
			hasScannedForEncodings = 0;
			knownRegions = (
				en,
			);
			mainGroup = 0D562D44200945BD0009DD4D;
			productRefGroup = 0D562D4E200945BD0009DD4D /* Products */;
			projectDirPath = "";
			projectRoot = "";
			targets = (
				0D562D4C200945BD0009DD4D /* SDL_TEST */,
			);
		};
/* End PBXProject section */

/* Begin PBXSourcesBuildPhase section */
		0D562D49200945BD0009DD4D /* Sources */ = {
			isa = PBXSourcesBuildPhase;
			buildActionMask = 2147483647;
			files = (
				0D0D61E82016DE8100E26765 /* map.c in Sources */,
				0D562D51200945BD0009DD4D /* main.c in Sources */,
				0D1AA74E201828A80032895F /* textureManager.c in Sources */,
			);
			runOnlyForDeploymentPostprocessing = 0;
		};
/* End PBXSourcesBuildPhase section */

/* Begin XCBuildConfiguration section */
		0D562D52200945BD0009DD4D /* Debug */ = {
			isa = XCBuildConfiguration;
			buildSettings = {
				ALWAYS_SEARCH_USER_PATHS = NO;
				CLANG_ANALYZER_NONNULL = YES;
				CLANG_ANALYZER_NUMBER_OBJECT_CONVERSION = YES_AGGRESSIVE;
				CLANG_CXX_LANGUAGE_STANDARD = "gnu++0x";
				CLANG_CXX_LIBRARY = "libc++";
				CLANG_ENABLE_MODULES = YES;
				CLANG_ENABLE_OBJC_ARC = YES;
				CLANG_WARN_BOOL_CONVERSION = YES;
				CLANG_WARN_CONSTANT_CONVERSION = YES;
				CLANG_WARN_DIRECT_OBJC_ISA_USAGE = YES_ERROR;
				CLANG_WARN_DOCUMENTATION_COMMENTS = YES;
				CLANG_WARN_EMPTY_BODY = YES;
				CLANG_WARN_ENUM_CONVERSION = YES;
				CLANG_WARN_INFINITE_RECURSION = YES;
				CLANG_WARN_INT_CONVERSION = YES;
				CLANG_WARN_OBJC_ROOT_CLASS = YES_ERROR;
				CLANG_WARN_SUSPICIOUS_MOVE = YES;
				CLANG_WARN_UNREACHABLE_CODE = YES;
				CLANG_WARN__DUPLICATE_METHOD_MATCH = YES;
				CODE_SIGN_IDENTITY = "-";
				COPY_PHASE_STRIP = NO;
				DEBUG_INFORMATION_FORMAT = dwarf;
				ENABLE_STRICT_OBJC_MSGSEND = YES;
				ENABLE_TESTABILITY = YES;
				GCC_C_LANGUAGE_STANDARD = gnu99;
				GCC_DYNAMIC_NO_PIC = NO;
				GCC_NO_COMMON_BLOCKS = YES;
				GCC_OPTIMIZATION_LEVEL = 0;
				GCC_PREPROCESSOR_DEFINITIONS = (
					"DEBUG=1",
					"$(inherited)",
				);
				GCC_WARN_64_TO_32_BIT_CONVERSION = YES;
				GCC_WARN_ABOUT_RETURN_TYPE = YES_ERROR;
				GCC_WARN_UNDECLARED_SELECTOR = YES;
				GCC_WARN_UNINITIALIZED_AUTOS = YES_AGGRESSIVE;
				GCC_WARN_UNUSED_FUNCTION = YES;
				GCC_WARN_UNUSED_VARIABLE = YES;
				MACOSX_DEPLOYMENT_TARGET = 10.13;
				MTL_ENABLE_DEBUG_INFO = YES;
				ONLY_ACTIVE_ARCH = YES;
				SDKROOT = macosx;
			};
			name = Debug;
		};
		0D562D53200945BD0009DD4D /* Release */ = {
			isa = XCBuildConfiguration;
			buildSettings = {
				ALWAYS_SEARCH_USER_PATHS = NO;
				CLANG_ANALYZER_NONNULL = YES;
				CLANG_ANALYZER_NUMBER_OBJECT_CONVERSION = YES_AGGRESSIVE;
				CLANG_CXX_LANGUAGE_STANDARD = "gnu++0x";
				CLANG_CXX_LIBRARY = "libc++";
				CLANG_ENABLE_MODULES = YES;
				CLANG_ENABLE_OBJC_ARC = YES;
				CLANG_WARN_BOOL_CONVERSION = YES;
				CLANG_WARN_CONSTANT_CONVERSION = YES;
				CLANG_WARN_DIRECT_OBJC_ISA_USAGE = YES_ERROR;
				CLANG_WARN_DOCUMENTATION_COMMENTS = YES;
				CLANG_WARN_EMPTY_BODY = YES;
				CLANG_WARN_ENUM_CONVERSION = YES;
				CLANG_WARN_INFINITE_RECURSION = YES;
				CLANG_WARN_INT_CONVERSION = YES;
				CLANG_WARN_OBJC_ROOT_CLASS = YES_ERROR;
				CLANG_WARN_SUSPICIOUS_MOVE = YES;
				CLANG_WARN_UNREACHABLE_CODE = YES;
				CLANG_WARN__DUPLICATE_METHOD_MATCH = YES;
				CODE_SIGN_IDENTITY = "-";
				COPY_PHASE_STRIP = NO;
				DEBUG_INFORMATION_FORMAT = "dwarf-with-dsym";
				ENABLE_NS_ASSERTIONS = NO;
				ENABLE_STRICT_OBJC_MSGSEND = YES;
				GCC_C_LANGUAGE_STANDARD = gnu99;
				GCC_NO_COMMON_BLOCKS = YES;
				GCC_WARN_64_TO_32_BIT_CONVERSION = YES;
				GCC_WARN_ABOUT_RETURN_TYPE = YES_ERROR;
				GCC_WARN_UNDECLARED_SELECTOR = YES;
				GCC_WARN_UNINITIALIZED_AUTOS = YES_AGGRESSIVE;
				GCC_WARN_UNUSED_FUNCTION = YES;
				GCC_WARN_UNUSED_VARIABLE = YES;
				MACOSX_DEPLOYMENT_TARGET = 10.13;
				MTL_ENABLE_DEBUG_INFO = NO;
				SDKROOT = macosx;
			};
			name = Release;
		};
		0D562D55200945BD0009DD4D /* Debug */ = {
			isa = XCBuildConfiguration;
			buildSettings = {
				FRAMEWORK_SEARCH_PATHS = (
					"$(inherited)",
					"$(LOCAL_LIBRARY_DIR)/Frameworks",
				);
				PRODUCT_NAME = "$(TARGET_NAME)";
			};
			name = Debug;
		};
		0D562D56200945BD0009DD4D /* Release */ = {
			isa = XCBuildConfiguration;
			buildSettings = {
				FRAMEWORK_SEARCH_PATHS = (
					"$(inherited)",
					"$(LOCAL_LIBRARY_DIR)/Frameworks",
				);
				PRODUCT_NAME = "$(TARGET_NAME)";
			};
			name = Release;
		};
/* End XCBuildConfiguration section */

/* Begin XCConfigurationList section */
		0D562D48200945BD0009DD4D /* Build configuration list for PBXProject "SDL_TEST" */ = {
			isa = XCConfigurationList;
			buildConfigurations = (
				0D562D52200945BD0009DD4D /* Debug */,
				0D562D53200945BD0009DD4D /* Release */,
			);
			defaultConfigurationIsVisible = 0;
			defaultConfigurationName = Release;
		};
		0D562D54200945BD0009DD4D /* Build configuration list for PBXNativeTarget "SDL_TEST" */ = {
			isa = XCConfigurationList;
			buildConfigurations = (
				0D562D55200945BD0009DD4D /* Debug */,
				0D562D56200945BD0009DD4D /* Release */,
			);
			defaultConfigurationIsVisible = 0;
			defaultConfigurationName = Release;
		};
/* End XCConfigurationList section */
	};
	rootObject = 0D562D45200945BD0009DD4D /* Project object */;
}
